{
  "name": "@tsndr/cloudflare-worker-router",
  "version": "3.0.0",
  "lockfileVersion": 3,
  "requires": true,
  "packages": {
    "": {
      "name": "@tsndr/cloudflare-worker-router",
      "version": "3.0.0",
      "license": "MIT",
      "devDependencies": {
        "@cloudflare/workers-types": "^4.20230814.0",
        "typescript": "^5.1.6"
      }
    },
    "node_modules/@cloudflare/workers-types": {
      "version": "4.20230814.0",
      "resolved": "https://registry.npmjs.org/@cloudflare/workers-types/-/workers-types-4.20230814.0.tgz",
      "integrity": "sha512-+jHiGjZg2UpULZSSHmHLqUG45TLg1s+uppSMlGvMn0u/xyFsRX9HX6b8Ydg/oHSp3jfSuPtX05GSvtgRAmrWTg==",
      "dev": true
    },
    "node_modules/typescript": {
      "version": "5.1.6",
      "resolved": "https://registry.npmjs.org/typescript/-/typescript-5.1.6.tgz",
      "integrity": "sha512-zaWCozRZ6DLEWAWFrVDz1H6FVXzUSfTy5FUMWsQlU8Ym5JP9eO4xkTIROFCQvhQf61z6O/G6ugw3SgAnvvm+HA==",
      "dev": true,
      "bin": {
        "tsc": "bin/tsc",
        "tsserver": "bin/tsserver"
      },
      "engines": {
        "node": ">=14.17"
      }
    }
  }
}
